{
	"name": "scope-jsx-loader",
	"version": "1.0.1",
	"lockfileVersion": 1,
	"requires": true,
	"dependencies": {
		"charenc": {
			"version": "0.0.2",
			"resolved": "https://registry.npm.alibaba-inc.com/charenc/download/charenc-0.0.2.tgz",
			"integrity": "sha1-wKHS86cJLgN3S/qD8UwPxXkKhmc="
		},
		"crypt": {
			"version": "0.0.2",
			"resolved": "https://registry.npm.alibaba-inc.com/crypt/download/crypt-0.0.2.tgz",
			"integrity": "sha1-iNf/fsDfuG9xPch7u0LQRNPmxBs="
		},
		"is-buffer": {
			"version": "1.1.6",
			"resolved": "https://registry.npm.alibaba-inc.com/is-buffer/download/is-buffer-1.1.6.tgz",
			"integrity": "sha1-76ouqdqg16suoTqXsritUf776L4="
		},
		"md5": {
			"version": "2.2.1",
			"resolved": "https://registry.npm.alibaba-inc.com/md5/download/md5-2.2.1.tgz",
			"integrity": "sha1-U6s41f48iJG6RlMp6iP6wFQBJvk=",
			"requires": {
				"charenc": "~0.0.1",
				"crypt": "~0.0.1",
				"is-buffer": "~1.1.1"
			}
		}
	}
}
